
Microsoft Visual Studio Solution File, Format Version 12.00
# Visual Studio Version 16
VisualStudioVersion = 16.0.31729.503
MinimumVisualStudioVersion = 10.0.40219.1
Project("{9A19103F-16F7-4668-BE54-9A1E7A4F7556}") = "ipz_AUTOCHAIR", "ipz_AUTOCHAIR.csproj", "{26DB083E-991D-4005-8929-4C1A436FD8E7}"
EndProject
Project("{FAE04EC0-301F-11D3-BF4B-00C04F79EFBC}") = "ipz_Server_AUTOCHAIR", "..\Users\Nazar\source\repos\ipz_Server_AUTOCHAIR\ipz_Server_AUTOCHAIR.csproj", "{1BF6B9DC-592E-4657-AF1D-13D2172E81CA}"
EndProject
Global
	GlobalSection(SolutionConfigurationPlatforms) = preSolution
		Debug|Any CPU = Debug|Any CPU
		Release|Any CPU = Release|Any CPU
	EndGlobalSection
	GlobalSection(ProjectConfigurationPlatforms) = postSolution
		{26DB083E-991D-4005-8929-4C1A436FD8E7}.Debug|Any CPU.ActiveCfg = Debug|Any CPU
		{26DB083E-991D-4005-8929-4C1A436FD8E7}.Debug|Any CPU.Build.0 = Debug|Any CPU
		{26DB083E-991D-4005-8929-4C1A436FD8E7}.Release|Any CPU.ActiveCfg = Release|Any CPU
		{26DB083E-991D-4005-8929-4C1A436FD8E7}.Release|Any CPU.Build.0 = Release|Any CPU
		{1BF6B9DC-592E-4657-AF1D-13D2172E81CA}.Debug|Any CPU.ActiveCfg = Debug|Any CPU
		{1BF6B9DC-592E-4657-AF1D-13D2172E81CA}.Debug|Any CPU.Build.0 = Debug|Any CPU
		{1BF6B9DC-592E-4657-AF1D-13D2172E81CA}.Release|Any CPU.ActiveCfg = Release|Any CPU
		{1BF6B9DC-592E-4657-AF1D-13D2172E81CA}.Release|Any CPU.Build.0 = Release|Any CPU
	EndGlobalSection
	GlobalSection(SolutionProperties) = preSolution
		HideSolutionNode = FALSE
	EndGlobalSection
	GlobalSection(ExtensibilityGlobals) = postSolution
		SolutionGuid = {F2F7EB17-A851-4166-864D-C6D11F64662A}
	EndGlobalSection
EndGlobal
